// !$*UTF8*$!
{
	archiveVersion = 1;
	classes = {
	};
	objectVersion = 50;
	objects = {

/* Begin PBXBuildFile section */
		A2D25B68261C45A400CA2140 /* AppDelegate.swift in Sources */ = {isa = PBXBuildFile; fileRef = A2D25B67261C45A400CA2140 /* AppDelegate.swift */; };
		A2D25B6A261C45A400CA2140 /* SceneDelegate.swift in Sources */ = {isa = PBXBuildFile; fileRef = A2D25B69261C45A400CA2140 /* SceneDelegate.swift */; };
		A2D25B6C261C45A400CA2140 /* ViewController.swift in Sources */ = {isa = PBXBuildFile; fileRef = A2D25B6B261C45A400CA2140 /* ViewController.swift */; };
		A2D25B6F261C45A400CA2140 /* Main.storyboard in Resources */ = {isa = PBXBuildFile; fileRef = A2D25B6D261C45A400CA2140 /* Main.storyboard */; };
		A2D25B71261C45A500CA2140 /* Assets.xcassets in Resources */ = {isa = PBXBuildFile; fileRef = A2D25B70261C45A500CA2140 /* Assets.xcassets */; };
		A2D25B74261C45A500CA2140 /* LaunchScreen.storyboard in Resources */ = {isa = PBXBuildFile; fileRef = A2D25B72261C45A500CA2140 /* LaunchScreen.storyboard */; };
		A2D25BAD261C469C00CA2140 /* RxCocoa.framework in Frameworks */ = {isa = PBXBuildFile; fileRef = A2D25B90261C465500CA2140 /* RxCocoa.framework */; };
		A2D25BAE261C469C00CA2140 /* RxRelay.framework in Frameworks */ = {isa = PBXBuildFile; fileRef = A2D25B92261C465500CA2140 /* RxRelay.framework */; };
		A2D25BAF261C469C00CA2140 /* RxSwift.framework in Frameworks */ = {isa = PBXBuildFile; fileRef = A2D25B8E261C465500CA2140 /* RxSwift.framework */; };
/* End PBXBuildFile section */

/* Begin PBXContainerItemProxy section */
		A2D25B8D261C465500CA2140 /* PBXContainerItemProxy */ = {
			isa = PBXContainerItemProxy;
			containerPortal = A2D25B80261C465500CA2140 /* Rx.xcodeproj */;
			proxyType = 2;
			remoteGlobalIDString = C8A56AD71AD7424700B4673B;
			remoteInfo = RxSwift;
		};
		A2D25B8F261C465500CA2140 /* PBXContainerItemProxy */ = {
			isa = PBXContainerItemProxy;
			containerPortal = A2D25B80261C465500CA2140 /* Rx.xcodeproj */;
			proxyType = 2;
			remoteGlobalIDString = C809396D1B8A71760088E94D;
			remoteInfo = RxCocoa;
		};
		A2D25B91261C465500CA2140 /* PBXContainerItemProxy */ = {
			isa = PBXContainerItemProxy;
			containerPortal = A2D25B80261C465500CA2140 /* Rx.xcodeproj */;
			proxyType = 2;
			remoteGlobalIDString = A2897D53225CA1E7004EA481;
			remoteInfo = RxRelay;
		};
		A2D25B93261C465500CA2140 /* PBXContainerItemProxy */ = {
			isa = PBXContainerItemProxy;
			containerPortal = A2D25B80261C465500CA2140 /* Rx.xcodeproj */;
			proxyType = 2;
			remoteGlobalIDString = C8093BC71B8A71F00088E94D;
			remoteInfo = RxBlocking;
		};
		A2D25B95261C465500CA2140 /* PBXContainerItemProxy */ = {
			isa = PBXContainerItemProxy;
			containerPortal = A2D25B80261C465500CA2140 /* Rx.xcodeproj */;
			proxyType = 2;
			remoteGlobalIDString = C88FA50C1C25C44800CCFEA4;
			remoteInfo = RxTest;
		};
		A2D25B97261C465500CA2140 /* PBXContainerItemProxy */ = {
			isa = PBXContainerItemProxy;
			containerPortal = A2D25B80261C465500CA2140 /* Rx.xcodeproj */;
			proxyType = 2;
			remoteGlobalIDString = C83508C31C386F6F0027C24C;
			remoteInfo = "AllTests-iOS";
		};
		A2D25B99261C465500CA2140 /* PBXContainerItemProxy */ = {
			isa = PBXContainerItemProxy;
			containerPortal = A2D25B80261C465500CA2140 /* Rx.xcodeproj */;
			proxyType = 2;
			remoteGlobalIDString = C83509841C38740E0027C24C;
			remoteInfo = "AllTests-tvOS";
		};
		A2D25B9B261C465500CA2140 /* PBXContainerItemProxy */ = {
			isa = PBXContainerItemProxy;
			containerPortal = A2D25B80261C465500CA2140 /* Rx.xcodeproj */;
			proxyType = 2;
			remoteGlobalIDString = C83509941C38742C0027C24C;
			remoteInfo = "AllTests-macOS";
		};
		A2D25B9D261C465500CA2140 /* PBXContainerItemProxy */ = {
			isa = PBXContainerItemProxy;
			containerPortal = A2D25B80261C465500CA2140 /* Rx.xcodeproj */;
			proxyType = 2;
			remoteGlobalIDString = C85BA04B1C3878740075D68E;
			remoteInfo = Microoptimizations;
		};
		A2D25B9F261C465500CA2140 /* PBXContainerItemProxy */ = {
			isa = PBXContainerItemProxy;
			containerPortal = A2D25B80261C465500CA2140 /* Rx.xcodeproj */;
			proxyType = 2;
			remoteGlobalIDString = C8E8BA551E2C181A00A4AC2C;
			remoteInfo = Benchmarks;
		};
/* End PBXContainerItemProxy section */

/* Begin PBXFileReference section */
		A2D25B64261C45A400CA2140 /* HelloRx.app */ = {isa = PBXFileReference; explicitFileType = wrapper.application; includeInIndex = 0; path = HelloRx.app; sourceTree = BUILT_PRODUCTS_DIR; };
		A2D25B67261C45A400CA2140 /* AppDelegate.swift */ = {isa = PBXFileReference; lastKnownFileType = sourcecode.swift; path = AppDelegate.swift; sourceTree = "<group>"; };
		A2D25B69261C45A400CA2140 /* SceneDelegate.swift */ = {isa = PBXFileReference; lastKnownFileType = sourcecode.swift; path = SceneDelegate.swift; sourceTree = "<group>"; };
		A2D25B6B261C45A400CA2140 /* ViewController.swift */ = {isa = PBXFileReference; lastKnownFileType = sourcecode.swift; path = ViewController.swift; sourceTree = "<group>"; };
		A2D25B6E261C45A400CA2140 /* Base */ = {isa = PBXFileReference; lastKnownFileType = file.storyboard; name = Base; path = Base.lproj/Main.storyboard; sourceTree = "<group>"; };
		A2D25B70261C45A500CA2140 /* Assets.xcassets */ = {isa = PBXFileReference; lastKnownFileType = folder.assetcatalog; path = Assets.xcassets; sourceTree = "<group>"; };
		A2D25B73261C45A500CA2140 /* Base */ = {isa = PBXFileReference; lastKnownFileType = file.storyboard; name = Base; path = Base.lproj/LaunchScreen.storyboard; sourceTree = "<group>"; };
		A2D25B75261C45A500CA2140 /* Info.plist */ = {isa = PBXFileReference; lastKnownFileType = text.plist.xml; path = Info.plist; sourceTree = "<group>"; };
		A2D25B80261C465500CA2140 /* Rx.xcodeproj */ = {isa = PBXFileReference; lastKnownFileType = "wrapper.pb-project"; name = Rx.xcodeproj; path = "RxSwift-main/Rx.xcodeproj"; sourceTree = "<group>"; };
/* End PBXFileReference section */

/* Begin PBXFrameworksBuildPhase section */
		A2D25B61261C45A400CA2140 /* Frameworks */ = {
			isa = PBXFrameworksBuildPhase;
			buildActionMask = 2147483647;
			files = (
				A2D25BAD261C469C00CA2140 /* RxCocoa.framework in Frameworks */,
				A2D25BAE261C469C00CA2140 /* RxRelay.framework in Frameworks */,
				A2D25BAF261C469C00CA2140 /* RxSwift.framework in Frameworks */,
			);
			runOnlyForDeploymentPostprocessing = 0;
		};
/* End PBXFrameworksBuildPhase section */

/* Begin PBXGroup section */
		A2D25B5B261C45A400CA2140 = {
			isa = PBXGroup;
			children = (
				A2D25B80261C465500CA2140 /* Rx.xcodeproj */,
				A2D25B66261C45A400CA2140 /* HelloRx */,
				A2D25B65261C45A400CA2140 /* Products */,
				A2D25BAC261C469C00CA2140 /* Frameworks */,
			);
			sourceTree = "<group>";
		};
		A2D25B65261C45A400CA2140 /* Products */ = {
			isa = PBXGroup;
			children = (
				A2D25B64261C45A400CA2140 /* HelloRx.app */,
			);
			name = Products;
			sourceTree = "<group>";
		};
		A2D25B66261C45A400CA2140 /* HelloRx */ = {
			isa = PBXGroup;
			children = (
				A2D25B67261C45A400CA2140 /* AppDelegate.swift */,
				A2D25B69261C45A400CA2140 /* SceneDelegate.swift */,
				A2D25B6B261C45A400CA2140 /* ViewController.swift */,
				A2D25B6D261C45A400CA2140 /* Main.storyboard */,
				A2D25B70261C45A500CA2140 /* Assets.xcassets */,
				A2D25B72261C45A500CA2140 /* LaunchScreen.storyboard */,
				A2D25B75261C45A500CA2140 /* Info.plist */,
			);
			path = HelloRx;
			sourceTree = "<group>";
		};
		A2D25B81261C465500CA2140 /* Products */ = {
			isa = PBXGroup;
			children = (
				A2D25B8E261C465500CA2140 /* RxSwift.framework */,
				A2D25B90261C465500CA2140 /* RxCocoa.framework */,
				A2D25B92261C465500CA2140 /* RxRelay.framework */,
				A2D25B94261C465500CA2140 /* RxBlocking.framework */,
				A2D25B96261C465500CA2140 /* RxTest.framework */,
				A2D25B98261C465500CA2140 /* AllTests-iOS.xctest */,
				A2D25B9A261C465500CA2140 /* AllTests-tvOS.xctest */,
				A2D25B9C261C465500CA2140 /* AllTests-macOS.xctest */,
				A2D25B9E261C465500CA2140 /* PerformanceTests.app */,
				A2D25BA0261C465500CA2140 /* Benchmarks.xctest */,
			);
			name = Products;
			sourceTree = "<group>";
		};
		A2D25BAC261C469C00CA2140 /* Frameworks */ = {
			isa = PBXGroup;
			children = (
			);
			name = Frameworks;
			sourceTree = "<group>";
		};
/* End PBXGroup section */

/* Begin PBXNativeTarget section */
		A2D25B63261C45A400CA2140 /* HelloRx */ = {
			isa = PBXNativeTarget;
			buildConfigurationList = A2D25B78261C45A500CA2140 /* Build configuration list for PBXNativeTarget "HelloRx" */;
			buildPhases = (
				A2D25B60261C45A400CA2140 /* Sources */,
				A2D25B61261C45A400CA2140 /* Frameworks */,
				A2D25B62261C45A400CA2140 /* Resources */,
			);
			buildRules = (
			);
			dependencies = (
			);
			name = HelloRx;
			productName = HelloRx;
			productReference = A2D25B64261C45A400CA2140 /* HelloRx.app */;
			productType = "com.apple.product-type.application";
		};
/* End PBXNativeTarget section */

/* Begin PBXProject section */
		A2D25B5C261C45A400CA2140 /* Project object */ = {
			isa = PBXProject;
			attributes = {
				LastSwiftUpdateCheck = 1240;
				LastUpgradeCheck = 1240;
				TargetAttributes = {
					A2D25B63261C45A400CA2140 = {
						CreatedOnToolsVersion = 12.4;
					};
				};
			};
			buildConfigurationList = A2D25B5F261C45A400CA2140 /* Build configuration list for PBXProject "HelloRx" */;
			compatibilityVersion = "Xcode 9.3";
			developmentRegion = en;
			hasScannedForEncodings = 0;
			knownRegions = (
				en,
				Base,
			);
			mainGroup = A2D25B5B261C45A400CA2140;
			productRefGroup = A2D25B65261C45A400CA2140 /* Products */;
			projectDirPath = "";
			projectReferences = (
				{
					ProductGroup = A2D25B81261C465500CA2140 /* Products */;
					ProjectRef = A2D25B80261C465500CA2140 /* Rx.xcodeproj */;
				},
			);
			projectRoot = "";
			targets = (
				A2D25B63261C45A400CA2140 /* HelloRx */,
			);
		};
/* End PBXProject section */

/* Begin PBXReferenceProxy section */
		A2D25B8E261C465500CA2140 /* RxSwift.framework */ = {
			isa = PBXReferenceProxy;
			fileType = wrapper.framework;
			path = RxSwift.framework;
			remoteRef = A2D25B8D261C465500CA2140 /* PBXContainerItemProxy */;
			sourceTree = BUILT_PRODUCTS_DIR;
		};
		A2D25B90261C465500CA2140 /* RxCocoa.framework */ = {
			isa = PBXReferenceProxy;
			fileType = wrapper.framework;
			path = RxCocoa.framework;
			remoteRef = A2D25B8F261C465500CA2140 /* PBXContainerItemProxy */;
			sourceTree = BUILT_PRODUCTS_DIR;
		};
		A2D25B92261C465500CA2140 /* RxRelay.framework */ = {
			isa = PBXReferenceProxy;
			fileType = wrapper.framework;
			path = RxRelay.framework;
			remoteRef = A2D25B91261C465500CA2140 /* PBXContainerItemProxy */;
			sourceTree = BUILT_PRODUCTS_DIR;
		};
		A2D25B94261C465500CA2140 /* RxBlocking.framework */ = {
			isa = PBXReferenceProxy;
			fileType = wrapper.framework;
			path = RxBlocking.framework;
			remoteRef = A2D25B93261C465500CA2140 /* PBXContainerItemProxy */;
			sourceTree = BUILT_PRODUCTS_DIR;
		};
		A2D25B96261C465500CA2140 /* RxTest.framework */ = {
			isa = PBXReferenceProxy;
			fileType = wrapper.framework;
			path = RxTest.framework;
			remoteRef = A2D25B95261C465500CA2140 /* PBXContainerItemProxy */;
			sourceTree = BUILT_PRODUCTS_DIR;
		};
		A2D25B98261C465500CA2140 /* AllTests-iOS.xctest */ = {
			isa = PBXReferenceProxy;
			fileType = wrapper.cfbundle;
			path = "AllTests-iOS.xctest";
			remoteRef = A2D25B97261C465500CA2140 /* PBXContainerItemProxy */;
			sourceTree = BUILT_PRODUCTS_DIR;
		};
		A2D25B9A261C465500CA2140 /* AllTests-tvOS.xctest */ = {
			isa = PBXReferenceProxy;
			fileType = wrapper.cfbundle;
			path = "AllTests-tvOS.xctest";
			remoteRef = A2D25B99261C465500CA2140 /* PBXContainerItemProxy */;
			sourceTree = BUILT_PRODUCTS_DIR;
		};
		A2D25B9C261C465500CA2140 /* AllTests-macOS.xctest */ = {
			isa = PBXReferenceProxy;
			fileType = wrapper.cfbundle;
			path = "AllTests-macOS.xctest";
			remoteRef = A2D25B9B261C465500CA2140 /* PBXContainerItemProxy */;
			sourceTree = BUILT_PRODUCTS_DIR;
		};
		A2D25B9E261C465500CA2140 /* PerformanceTests.app */ = {
			isa = PBXReferenceProxy;
			fileType = wrapper.application;
			name = PerformanceTests.app;
			path = Microoptimizations.app;
			remoteRef = A2D25B9D261C465500CA2140 /* PBXContainerItemProxy */;
			sourceTree = BUILT_PRODUCTS_DIR;
		};
		A2D25BA0261C465500CA2140 /* Benchmarks.xctest */ = {
			isa = PBXReferenceProxy;
			fileType = wrapper.cfbundle;
			path = Benchmarks.xctest;
			remoteRef = A2D25B9F261C465500CA2140 /* PBXContainerItemProxy */;
			sourceTree = BUILT_PRODUCTS_DIR;
		};
/* End PBXReferenceProxy section */

/* Begin PBXResourcesBuildPhase section */
		A2D25B62261C45A400CA2140 /* Resources */ = {
			isa = PBXResourcesBuildPhase;
			buildActionMask = 2147483647;
			files = (
				A2D25B74261C45A500CA2140 /* LaunchScreen.storyboard in Resources */,
				A2D25B71261C45A500CA2140 /* Assets.xcassets in Resources */,
				A2D25B6F261C45A400CA2140 /* Main.storyboard in Resources */,
			);
			runOnlyForDeploymentPostprocessing = 0;
		};
/* End PBXResourcesBuildPhase section */

/* Begin PBXSourcesBuildPhase section */
		A2D25B60261C45A400CA2140 /* Sources */ = {
			isa = PBXSourcesBuildPhase;
			buildActionMask = 2147483647;
			files = (
				A2D25B6C261C45A400CA2140 /* ViewController.swift in Sources */,
				A2D25B68261C45A400CA2140 /* AppDelegate.swift in Sources */,
				A2D25B6A261C45A400CA2140 /* SceneDelegate.swift in Sources */,
			);
			runOnlyForDeploymentPostprocessing = 0;
		};
/* End PBXSourcesBuildPhase section */

/* Begin PBXVariantGroup section */
		A2D25B6D261C45A400CA2140 /* Main.storyboard */ = {
			isa = PBXVariantGroup;
			children = (
				A2D25B6E261C45A400CA2140 /* Base */,
			);
			name = Main.storyboard;
			sourceTree = "<group>";
		};
		A2D25B72261C45A500CA2140 /* LaunchScreen.storyboard */ = {
			isa = PBXVariantGroup;
			children = (
				A2D25B73261C45A500CA2140 /* Base */,
			);
			name = LaunchScreen.storyboard;
			sourceTree = "<group>";
		};
/* End PBXVariantGroup section */

/* Begin XCBuildConfiguration section */
		A2D25B76261C45A500CA2140 /* Debug */ = {
			isa = XCBuildConfiguration;
			buildSettings = {
				ALWAYS_SEARCH_USER_PATHS = NO;
				CLANG_ANALYZER_NONNULL = YES;
				CLANG_ANALYZER_NUMBER_OBJECT_CONVERSION = YES_AGGRESSIVE;
				CLANG_CXX_LANGUAGE_STANDARD = "gnu++14";
				CLANG_CXX_LIBRARY = "libc++";
				CLANG_ENABLE_MODULES = YES;
				CLANG_ENABLE_OBJC_ARC = YES;
				CLANG_ENABLE_OBJC_WEAK = YES;
				CLANG_WARN_BLOCK_CAPTURE_AUTORELEASING = YES;
				CLANG_WARN_BOOL_CONVERSION = YES;
				CLANG_WARN_COMMA = YES;
				CLANG_WARN_CONSTANT_CONVERSION = YES;
				CLANG_WARN_DEPRECATED_OBJC_IMPLEMENTATIONS = YES;
				CLANG_WARN_DIRECT_OBJC_ISA_USAGE = YES_ERROR;
				CLANG_WARN_DOCUMENTATION_COMMENTS = YES;
				CLANG_WARN_EMPTY_BODY = YES;
				CLANG_WARN_ENUM_CONVERSION = YES;
				CLANG_WARN_INFINITE_RECURSION = YES;
				CLANG_WARN_INT_CONVERSION = YES;
				CLANG_WARN_NON_LITERAL_NULL_CONVERSION = YES;
				CLANG_WARN_OBJC_IMPLICIT_RETAIN_SELF = YES;
				CLANG_WARN_OBJC_LITERAL_CONVERSION = YES;
				CLANG_WARN_OBJC_ROOT_CLASS = YES_ERROR;
				CLANG_WARN_QUOTED_INCLUDE_IN_FRAMEWORK_HEADER = YES;
				CLANG_WARN_RANGE_LOOP_ANALYSIS = YES;
				CLANG_WARN_STRICT_PROTOTYPES = YES;
				CLANG_WARN_SUSPICIOUS_MOVE = YES;
				CLANG_WARN_UNGUARDED_AVAILABILITY = YES_AGGRESSIVE;
				CLANG_WARN_UNREACHABLE_CODE = YES;
				CLANG_WARN__DUPLICATE_METHOD_MATCH = YES;
				COPY_PHASE_STRIP = NO;
				DEBUG_INFORMATION_FORMAT = dwarf;
				ENABLE_STRICT_OBJC_MSGSEND = YES;
				ENABLE_TESTABILITY = YES;
				GCC_C_LANGUAGE_STANDARD = gnu11;
				GCC_DYNAMIC_NO_PIC = NO;
				GCC_NO_COMMON_BLOCKS = YES;
				GCC_OPTIMIZATION_LEVEL = 0;
				GCC_PREPROCESSOR_DEFINITIONS = (
					"DEBUG=1",
					"$(inherited)",
				);
				GCC_WARN_64_TO_32_BIT_CONVERSION = YES;
				GCC_WARN_ABOUT_RETURN_TYPE = YES_ERROR;
				GCC_WARN_UNDECLARED_SELECTOR = YES;
				GCC_WARN_UNINITIALIZED_AUTOS = YES_AGGRESSIVE;
				GCC_WARN_UNUSED_FUNCTION = YES;
				GCC_WARN_UNUSED_VARIABLE = YES;
				IPHONEOS_DEPLOYMENT_TARGET = 14.4;
				MTL_ENABLE_DEBUG_INFO = INCLUDE_SOURCE;
				MTL_FAST_MATH = YES;
				ONLY_ACTIVE_ARCH = YES;
				SDKROOT = iphoneos;
				SWIFT_ACTIVE_COMPILATION_CONDITIONS = DEBUG;
				SWIFT_OPTIMIZATION_LEVEL = "-Onone";
			};
			name = Debug;
		};
		A2D25B77261C45A500CA2140 /* Release */ = {
			isa = XCBuildConfiguration;
			buildSettings = {
				ALWAYS_SEARCH_USER_PATHS = NO;
				CLANG_ANALYZER_NONNULL = YES;
				CLANG_ANALYZER_NUMBER_OBJECT_CONVERSION = YES_AGGRESSIVE;
				CLANG_CXX_LANGUAGE_STANDARD = "gnu++14";
				CLANG_CXX_LIBRARY = "libc++";
				CLANG_ENABLE_MODULES = YES;
				CLANG_ENABLE_OBJC_ARC = YES;
				CLANG_ENABLE_OBJC_WEAK = YES;
				CLANG_WARN_BLOCK_CAPTURE_AUTORELEASING = YES;
				CLANG_WARN_BOOL_CONVERSION = YES;
				CLANG_WARN_COMMA = YES;
				CLANG_WARN_CONSTANT_CONVERSION = YES;
				CLANG_WARN_DEPRECATED_OBJC_IMPLEMENTATIONS = YES;
				CLANG_WARN_DIRECT_OBJC_ISA_USAGE = YES_ERROR;
				CLANG_WARN_DOCUMENTATION_COMMENTS = YES;
				CLANG_WARN_EMPTY_BODY = YES;
				CLANG_WARN_ENUM_CONVERSION = YES;
				CLANG_WARN_INFINITE_RECURSION = YES;
				CLANG_WARN_INT_CONVERSION = YES;
				CLANG_WARN_NON_LITERAL_NULL_CONVERSION = YES;
				CLANG_WARN_OBJC_IMPLICIT_RETAIN_SELF = YES;
				CLANG_WARN_OBJC_LITERAL_CONVERSION = YES;
				CLANG_WARN_OBJC_ROOT_CLASS = YES_ERROR;
				CLANG_WARN_QUOTED_INCLUDE_IN_FRAMEWORK_HEADER = YES;
				CLANG_WARN_RANGE_LOOP_ANALYSIS = YES;
				CLANG_WARN_STRICT_PROTOTYPES = YES;
				CLANG_WARN_SUSPICIOUS_MOVE = YES;
				CLANG_WARN_UNGUARDED_AVAILABILITY = YES_AGGRESSIVE;
				CLANG_WARN_UNREACHABLE_CODE = YES;
				CLANG_WARN__DUPLICATE_METHOD_MATCH = YES;
				COPY_PHASE_STRIP = NO;
				DEBUG_INFORMATION_FORMAT = "dwarf-with-dsym";
				ENABLE_NS_ASSERTIONS = NO;
				ENABLE_STRICT_OBJC_MSGSEND = YES;
				GCC_C_LANGUAGE_STANDARD = gnu11;
				GCC_NO_COMMON_BLOCKS = YES;
				GCC_WARN_64_TO_32_BIT_CONVERSION = YES;
				GCC_WARN_ABOUT_RETURN_TYPE = YES_ERROR;
				GCC_WARN_UNDECLARED_SELECTOR = YES;
				GCC_WARN_UNINITIALIZED_AUTOS = YES_AGGRESSIVE;
				GCC_WARN_UNUSED_FUNCTION = YES;
				GCC_WARN_UNUSED_VARIABLE = YES;
				IPHONEOS_DEPLOYMENT_TARGET = 14.4;
				MTL_ENABLE_DEBUG_INFO = NO;
				MTL_FAST_MATH = YES;
				SDKROOT = iphoneos;
				SWIFT_COMPILATION_MODE = wholemodule;
				SWIFT_OPTIMIZATION_LEVEL = "-O";
				VALIDATE_PRODUCT = YES;
			};
			name = Release;
		};
		A2D25B79261C45A500CA2140 /* Debug */ = {
			isa = XCBuildConfiguration;
			buildSettings = {
				ASSETCATALOG_COMPILER_APPICON_NAME = AppIcon;
				ASSETCATALOG_COMPILER_GLOBAL_ACCENT_COLOR_NAME = AccentColor;
				CODE_SIGN_STYLE = Automatic;
				INFOPLIST_FILE = HelloRx/Info.plist;
				LD_RUNPATH_SEARCH_PATHS = (
					"$(inherited)",
					"@executable_path/Frameworks",
				);
				PRODUCT_BUNDLE_IDENTIFIER = com.eric.HelloRx;
				PRODUCT_NAME = "$(TARGET_NAME)";
				SWIFT_VERSION = 5.0;
				TARGETED_DEVICE_FAMILY = "1,2";
			};
			name = Debug;
		};
		A2D25B7A261C45A500CA2140 /* Release */ = {
			isa = XCBuildConfiguration;
			buildSettings = {
				ASSETCATALOG_COMPILER_APPICON_NAME = AppIcon;
				ASSETCATALOG_COMPILER_GLOBAL_ACCENT_COLOR_NAME = AccentColor;
				CODE_SIGN_STYLE = Automatic;
				INFOPLIST_FILE = HelloRx/Info.plist;
				LD_RUNPATH_SEARCH_PATHS = (
					"$(inherited)",
					"@executable_path/Frameworks",
				);
				PRODUCT_BUNDLE_IDENTIFIER = com.eric.HelloRx;
				PRODUCT_NAME = "$(TARGET_NAME)";
				SWIFT_VERSION = 5.0;
				TARGETED_DEVICE_FAMILY = "1,2";
			};
			name = Release;
		};
/* End XCBuildConfiguration section */

/* Begin XCConfigurationList section */
		A2D25B5F261C45A400CA2140 /* Build configuration list for PBXProject "HelloRx" */ = {
			isa = XCConfigurationList;
			buildConfigurations = (
				A2D25B76261C45A500CA2140 /* Debug */,
				A2D25B77261C45A500CA2140 /* Release */,
			);
			defaultConfigurationIsVisible = 0;
			defaultConfigurationName = Release;
		};
		A2D25B78261C45A500CA2140 /* Build configuration list for PBXNativeTarget "HelloRx" */ = {
			isa = XCConfigurationList;
			buildConfigurations = (
				A2D25B79261C45A500CA2140 /* Debug */,
				A2D25B7A261C45A500CA2140 /* Release */,
			);
			defaultConfigurationIsVisible = 0;
			defaultConfigurationName = Release;
		};
/* End XCConfigurationList section */
	};
	rootObject = A2D25B5C261C45A400CA2140 /* Project object */;
}
